{
  "pins" : [
    {
      "identity" : "example-package-figlet",
      "kind" : "remoteSourceControl",
      "location" : "https://github.com/apple/example-package-figlet",
      "state" : {
        "branch" : "main",
        "revision" : "166eef46de0b094d6d1966e749f727d6c4beba0e"
      }
    },
    {
      "identity" : "swift-argument-parser",
      "kind" : "remoteSourceControl",
      "location" : "https://github.com/apple/swift-argument-parser",
      "state" : {
        "branch" : "1.0.0",
        "revision" : "fd4c3b68a0c04c4c6cda27f0213c3703d50080e8"
      }
    }
  ],
  "version" : 2
}
